
Microsoft Visual Studio Solution File, Format Version 12.00
# Visual Studio Version 16
VisualStudioVersion = 16.0.28407.52
MinimumVisualStudioVersion = 10.0.40219.1
Project("{9A19103F-16F7-4668-BE54-9A1E7A4F7556}") = "LINQ-Other", "Linq-Other\LINQ-Other.csproj", "{55C8A7E7-3EBE-4449-98CA-7FAC9DDB7625}"
EndProject
Project("{2150E333-8FDC-42A3-9474-1A3956D46DE8}") = "LINQtoXML", "LINQtoXML", "{72698BEF-8461-495C-A94D-73C41D047D6C}"
EndProject
Project("{2150E333-8FDC-42A3-9474-1A3956D46DE8}") = "LINQtoSQL", "LINQtoSQL", "{66572830-E779-4B50-81EB-152ED7C0E548}"
EndProject
Project("{2150E333-8FDC-42A3-9474-1A3956D46DE8}") = "LINQtoDatasets", "LINQtoDatasets", "{01AE515B-1C61-4728-AC32-BC656E83FCC2}"
EndProject
Project("{2150E333-8FDC-42A3-9474-1A3956D46DE8}") = "LINQtoEntities", "LINQtoEntities", "{38C7DC8F-156C-4FAB-BEF4-C4E22D42F055}"
EndProject
Project("{2150E333-8FDC-42A3-9474-1A3956D46DE8}") = "LINQtoObjects", "LINQtoObjects", "{3763D653-67A9-4805-BA47-A57274471A07}"
EndProject
Project("{9A19103F-16F7-4668-BE54-9A1E7A4F7556}") = "LINQtoDatasets", "LINQtoDatasetsMain\LINQtoDatasets\LINQtoDatasets.csproj", "{EED38C84-99D6-4656-ACB3-7FAE50E3D76C}"
EndProject
Project("{9A19103F-16F7-4668-BE54-9A1E7A4F7556}") = "LINQtoObjects", "LINQtoObjectsMain\LINQtoObjects\LINQtoObjects.csproj", "{34442E25-BFAF-4202-B99E-F03D16D6CBC1}"
EndProject
Project("{9A19103F-16F7-4668-BE54-9A1E7A4F7556}") = "LINQtoSQL", "LINQtoSQLMain\LINQtoSQL\LINQtoSQL.csproj", "{64AB5AB1-1E11-4281-98FE-E7B3E2E1935C}"
EndProject
Project("{9A19103F-16F7-4668-BE54-9A1E7A4F7556}") = "LINQtoXML", "LINQtoXMLMain\LINQtoXML\LINQtoXML.csproj", "{CFEDF77C-564F-4D31-BC64-0FC2C01F565E}"
EndProject
Project("{9A19103F-16F7-4668-BE54-9A1E7A4F7556}") = "LINQtoEntities", "LINQtoEntitiesMain\LINQtoEntities\LINQtoEntities.csproj", "{AFCB7992-7656-42BB-8DBF-1E18D74DEE7C}"
EndProject
Project("{FAE04EC0-301F-11D3-BF4B-00C04F79EFBC}") = "LINQtoDatasetsTest", "LINQtoDatasetsMain\LINQtoDatasetsTest\LINQtoDatasetsTest.csproj", "{41E564DD-25E7-4E63-ABED-ECC3214A46AB}"
EndProject
Project("{FAE04EC0-301F-11D3-BF4B-00C04F79EFBC}") = "LINQtoEntitiesTest", "LINQtoEntitiesMain\LINQtoEntitiesTest\LINQtoEntitiesTest.csproj", "{992785CE-063B-4B72-BB0D-51464CBD1E31}"
EndProject
Project("{FAE04EC0-301F-11D3-BF4B-00C04F79EFBC}") = "LINQtoObjectsTest", "LINQtoObjectsMain\LINQtoObjectsTest\LINQtoObjectsTest.csproj", "{988F8103-8547-42C3-850D-D2CEF8F48718}"
EndProject
Project("{FAE04EC0-301F-11D3-BF4B-00C04F79EFBC}") = "LINQtoSQLTest", "LINQtoSQLMain\LINQtoSQLTest\LINQtoSQLTest.csproj", "{9D8C2C5D-B731-4D5D-B122-A4A50BBCA9A1}"
EndProject
Project("{FAE04EC0-301F-11D3-BF4B-00C04F79EFBC}") = "LINQtoXMLTest", "LINQtoXMLMain\LINQtoXMLTest\LINQtoXMLTest.csproj", "{97C05A42-17A4-4B12-A5BD-C8BA31C10D66}"
EndProject
Global
	GlobalSection(SolutionConfigurationPlatforms) = preSolution
		Debug|Any CPU = Debug|Any CPU
		Release|Any CPU = Release|Any CPU
	EndGlobalSection
	GlobalSection(ProjectConfigurationPlatforms) = postSolution
		{55C8A7E7-3EBE-4449-98CA-7FAC9DDB7625}.Debug|Any CPU.ActiveCfg = Debug|Any CPU
		{55C8A7E7-3EBE-4449-98CA-7FAC9DDB7625}.Debug|Any CPU.Build.0 = Debug|Any CPU
		{55C8A7E7-3EBE-4449-98CA-7FAC9DDB7625}.Release|Any CPU.ActiveCfg = Release|Any CPU
		{55C8A7E7-3EBE-4449-98CA-7FAC9DDB7625}.Release|Any CPU.Build.0 = Release|Any CPU
		{EED38C84-99D6-4656-ACB3-7FAE50E3D76C}.Debug|Any CPU.ActiveCfg = Debug|Any CPU
		{EED38C84-99D6-4656-ACB3-7FAE50E3D76C}.Debug|Any CPU.Build.0 = Debug|Any CPU
		{EED38C84-99D6-4656-ACB3-7FAE50E3D76C}.Release|Any CPU.ActiveCfg = Release|Any CPU
		{EED38C84-99D6-4656-ACB3-7FAE50E3D76C}.Release|Any CPU.Build.0 = Release|Any CPU
		{34442E25-BFAF-4202-B99E-F03D16D6CBC1}.Debug|Any CPU.ActiveCfg = Debug|Any CPU
		{34442E25-BFAF-4202-B99E-F03D16D6CBC1}.Debug|Any CPU.Build.0 = Debug|Any CPU
		{34442E25-BFAF-4202-B99E-F03D16D6CBC1}.Release|Any CPU.ActiveCfg = Release|Any CPU
		{34442E25-BFAF-4202-B99E-F03D16D6CBC1}.Release|Any CPU.Build.0 = Release|Any CPU
		{64AB5AB1-1E11-4281-98FE-E7B3E2E1935C}.Debug|Any CPU.ActiveCfg = Debug|Any CPU
		{64AB5AB1-1E11-4281-98FE-E7B3E2E1935C}.Debug|Any CPU.Build.0 = Debug|Any CPU
		{64AB5AB1-1E11-4281-98FE-E7B3E2E1935C}.Release|Any CPU.ActiveCfg = Release|Any CPU
		{64AB5AB1-1E11-4281-98FE-E7B3E2E1935C}.Release|Any CPU.Build.0 = Release|Any CPU
		{CFEDF77C-564F-4D31-BC64-0FC2C01F565E}.Debug|Any CPU.ActiveCfg = Debug|Any CPU
		{CFEDF77C-564F-4D31-BC64-0FC2C01F565E}.Debug|Any CPU.Build.0 = Debug|Any CPU
		{CFEDF77C-564F-4D31-BC64-0FC2C01F565E}.Release|Any CPU.ActiveCfg = Release|Any CPU
		{CFEDF77C-564F-4D31-BC64-0FC2C01F565E}.Release|Any CPU.Build.0 = Release|Any CPU
		{AFCB7992-7656-42BB-8DBF-1E18D74DEE7C}.Debug|Any CPU.ActiveCfg = Debug|Any CPU
		{AFCB7992-7656-42BB-8DBF-1E18D74DEE7C}.Debug|Any CPU.Build.0 = Debug|Any CPU
		{AFCB7992-7656-42BB-8DBF-1E18D74DEE7C}.Release|Any CPU.ActiveCfg = Release|Any CPU
		{AFCB7992-7656-42BB-8DBF-1E18D74DEE7C}.Release|Any CPU.Build.0 = Release|Any CPU
		{41E564DD-25E7-4E63-ABED-ECC3214A46AB}.Debug|Any CPU.ActiveCfg = Debug|Any CPU
		{41E564DD-25E7-4E63-ABED-ECC3214A46AB}.Debug|Any CPU.Build.0 = Debug|Any CPU
		{41E564DD-25E7-4E63-ABED-ECC3214A46AB}.Release|Any CPU.ActiveCfg = Release|Any CPU
		{41E564DD-25E7-4E63-ABED-ECC3214A46AB}.Release|Any CPU.Build.0 = Release|Any CPU
		{992785CE-063B-4B72-BB0D-51464CBD1E31}.Debug|Any CPU.ActiveCfg = Debug|Any CPU
		{992785CE-063B-4B72-BB0D-51464CBD1E31}.Debug|Any CPU.Build.0 = Debug|Any CPU
		{992785CE-063B-4B72-BB0D-51464CBD1E31}.Release|Any CPU.ActiveCfg = Release|Any CPU
		{992785CE-063B-4B72-BB0D-51464CBD1E31}.Release|Any CPU.Build.0 = Release|Any CPU
		{988F8103-8547-42C3-850D-D2CEF8F48718}.Debug|Any CPU.ActiveCfg = Debug|Any CPU
		{988F8103-8547-42C3-850D-D2CEF8F48718}.Debug|Any CPU.Build.0 = Debug|Any CPU
		{988F8103-8547-42C3-850D-D2CEF8F48718}.Release|Any CPU.ActiveCfg = Release|Any CPU
		{988F8103-8547-42C3-850D-D2CEF8F48718}.Release|Any CPU.Build.0 = Release|Any CPU
		{9D8C2C5D-B731-4D5D-B122-A4A50BBCA9A1}.Debug|Any CPU.ActiveCfg = Debug|Any CPU
		{9D8C2C5D-B731-4D5D-B122-A4A50BBCA9A1}.Debug|Any CPU.Build.0 = Debug|Any CPU
		{9D8C2C5D-B731-4D5D-B122-A4A50BBCA9A1}.Release|Any CPU.ActiveCfg = Release|Any CPU
		{9D8C2C5D-B731-4D5D-B122-A4A50BBCA9A1}.Release|Any CPU.Build.0 = Release|Any CPU
		{97C05A42-17A4-4B12-A5BD-C8BA31C10D66}.Debug|Any CPU.ActiveCfg = Debug|Any CPU
		{97C05A42-17A4-4B12-A5BD-C8BA31C10D66}.Debug|Any CPU.Build.0 = Debug|Any CPU
		{97C05A42-17A4-4B12-A5BD-C8BA31C10D66}.Release|Any CPU.ActiveCfg = Release|Any CPU
		{97C05A42-17A4-4B12-A5BD-C8BA31C10D66}.Release|Any CPU.Build.0 = Release|Any CPU
	EndGlobalSection
	GlobalSection(SolutionProperties) = preSolution
		HideSolutionNode = FALSE
	EndGlobalSection
	GlobalSection(NestedProjects) = preSolution
		{EED38C84-99D6-4656-ACB3-7FAE50E3D76C} = {01AE515B-1C61-4728-AC32-BC656E83FCC2}
		{34442E25-BFAF-4202-B99E-F03D16D6CBC1} = {3763D653-67A9-4805-BA47-A57274471A07}
		{64AB5AB1-1E11-4281-98FE-E7B3E2E1935C} = {66572830-E779-4B50-81EB-152ED7C0E548}
		{CFEDF77C-564F-4D31-BC64-0FC2C01F565E} = {72698BEF-8461-495C-A94D-73C41D047D6C}
		{AFCB7992-7656-42BB-8DBF-1E18D74DEE7C} = {38C7DC8F-156C-4FAB-BEF4-C4E22D42F055}
		{41E564DD-25E7-4E63-ABED-ECC3214A46AB} = {01AE515B-1C61-4728-AC32-BC656E83FCC2}
		{992785CE-063B-4B72-BB0D-51464CBD1E31} = {38C7DC8F-156C-4FAB-BEF4-C4E22D42F055}
		{988F8103-8547-42C3-850D-D2CEF8F48718} = {3763D653-67A9-4805-BA47-A57274471A07}
		{9D8C2C5D-B731-4D5D-B122-A4A50BBCA9A1} = {66572830-E779-4B50-81EB-152ED7C0E548}
		{97C05A42-17A4-4B12-A5BD-C8BA31C10D66} = {72698BEF-8461-495C-A94D-73C41D047D6C}
	EndGlobalSection
	GlobalSection(ExtensibilityGlobals) = postSolution
		SolutionGuid = {3B3BB9F4-87E8-4C36-941C-2D2C73117ABE}
	EndGlobalSection
EndGlobal
